
Microsoft Visual Studio Solution File, Format Version 12.00
# Visual Studio Version 17
VisualStudioVersion = 17.1.32228.430
MinimumVisualStudioVersion = 10.0.40219.1
Project("{9A19103F-16F7-4668-BE54-9A1E7A4F7556}") = "DataAccess", "DataAccess\DataAccess.csproj", "{9666B142-F79F-4DD7-9DC9-3341E4AA04E1}"
EndProject
Project("{9A19103F-16F7-4668-BE54-9A1E7A4F7556}") = "Business", "Business\Business.csproj", "{E885CD47-1066-4DD1-985C-6F2928D10283}"
EndProject
Project("{9A19103F-16F7-4668-BE54-9A1E7A4F7556}") = "Entities", "Entities\Entities.csproj", "{F068B6E7-B193-4ABE-9A84-4B724BE437B1}"
EndProject
Project("{9A19103F-16F7-4668-BE54-9A1E7A4F7556}") = "ConsoleUI", "ConsoleUI\ConsoleUI.csproj", "{71809F07-E653-4060-B6DF-B5BFBF021442}"
EndProject
Project("{9A19103F-16F7-4668-BE54-9A1E7A4F7556}") = "Core", "Core\Core.csproj", "{0105BDD5-3C97-477E-BA64-69E524F0CF8C}"
EndProject
Project("{FAE04EC0-301F-11D3-BF4B-00C04F79EFBC}") = "WebAPI", "WebAPI\WebAPI.csproj", "{FA3A7FA5-3CE5-49A2-AA75-EC22744CDB05}"
EndProject
Global
	GlobalSection(SolutionConfigurationPlatforms) = preSolution
		Debug|Any CPU = Debug|Any CPU
		Release|Any CPU = Release|Any CPU
	EndGlobalSection
	GlobalSection(ProjectConfigurationPlatforms) = postSolution
		{9666B142-F79F-4DD7-9DC9-3341E4AA04E1}.Debug|Any CPU.ActiveCfg = Debug|Any CPU
		{9666B142-F79F-4DD7-9DC9-3341E4AA04E1}.Debug|Any CPU.Build.0 = Debug|Any CPU
		{9666B142-F79F-4DD7-9DC9-3341E4AA04E1}.Release|Any CPU.ActiveCfg = Release|Any CPU
		{9666B142-F79F-4DD7-9DC9-3341E4AA04E1}.Release|Any CPU.Build.0 = Release|Any CPU
		{E885CD47-1066-4DD1-985C-6F2928D10283}.Debug|Any CPU.ActiveCfg = Debug|Any CPU
		{E885CD47-1066-4DD1-985C-6F2928D10283}.Debug|Any CPU.Build.0 = Debug|Any CPU
		{E885CD47-1066-4DD1-985C-6F2928D10283}.Release|Any CPU.ActiveCfg = Release|Any CPU
		{E885CD47-1066-4DD1-985C-6F2928D10283}.Release|Any CPU.Build.0 = Release|Any CPU
		{F068B6E7-B193-4ABE-9A84-4B724BE437B1}.Debug|Any CPU.ActiveCfg = Debug|Any CPU
		{F068B6E7-B193-4ABE-9A84-4B724BE437B1}.Debug|Any CPU.Build.0 = Debug|Any CPU
		{F068B6E7-B193-4ABE-9A84-4B724BE437B1}.Release|Any CPU.ActiveCfg = Release|Any CPU
		{F068B6E7-B193-4ABE-9A84-4B724BE437B1}.Release|Any CPU.Build.0 = Release|Any CPU
		{71809F07-E653-4060-B6DF-B5BFBF021442}.Debug|Any CPU.ActiveCfg = Debug|Any CPU
		{71809F07-E653-4060-B6DF-B5BFBF021442}.Debug|Any CPU.Build.0 = Debug|Any CPU
		{71809F07-E653-4060-B6DF-B5BFBF021442}.Release|Any CPU.ActiveCfg = Release|Any CPU
		{71809F07-E653-4060-B6DF-B5BFBF021442}.Release|Any CPU.Build.0 = Release|Any CPU
		{0105BDD5-3C97-477E-BA64-69E524F0CF8C}.Debug|Any CPU.ActiveCfg = Debug|Any CPU
		{0105BDD5-3C97-477E-BA64-69E524F0CF8C}.Debug|Any CPU.Build.0 = Debug|Any CPU
		{0105BDD5-3C97-477E-BA64-69E524F0CF8C}.Release|Any CPU.ActiveCfg = Release|Any CPU
		{0105BDD5-3C97-477E-BA64-69E524F0CF8C}.Release|Any CPU.Build.0 = Release|Any CPU
		{FA3A7FA5-3CE5-49A2-AA75-EC22744CDB05}.Debug|Any CPU.ActiveCfg = Debug|Any CPU
		{FA3A7FA5-3CE5-49A2-AA75-EC22744CDB05}.Debug|Any CPU.Build.0 = Debug|Any CPU
		{FA3A7FA5-3CE5-49A2-AA75-EC22744CDB05}.Release|Any CPU.ActiveCfg = Release|Any CPU
		{FA3A7FA5-3CE5-49A2-AA75-EC22744CDB05}.Release|Any CPU.Build.0 = Release|Any CPU
	EndGlobalSection
	GlobalSection(SolutionProperties) = preSolution
		HideSolutionNode = FALSE
	EndGlobalSection
	GlobalSection(ExtensibilityGlobals) = postSolution
		SolutionGuid = {898D6F72-43F3-42C8-A38C-DA7B30C7CB48}
	EndGlobalSection
EndGlobal
